
Microsoft Visual Studio Solution File, Format Version 12.00
# Visual Studio 15
VisualStudioVersion = 15.0.28307.539
MinimumVisualStudioVersion = 10.0.40219.1
Project("{FAE04EC0-301F-11D3-BF4B-00C04F79EFBC}") = "TruckRacingGame", "TruckRacingGame\TruckRacingGame.csproj", "{ABEAA6C1-AD0B-48DE-8D97-A65AB09904AB}"
EndProject
Project("{FAE04EC0-301F-11D3-BF4B-00C04F79EFBC}") = "UnitTestProject1", "UnitTestProject1\UnitTestProject1.csproj", "{A63B9727-58AD-4FBC-9EE7-5427C51D8D4E}"
EndProject
Global
	GlobalSection(SolutionConfigurationPlatforms) = preSolution
		Debug|Any CPU = Debug|Any CPU
		Release|Any CPU = Release|Any CPU
	EndGlobalSection
	GlobalSection(ProjectConfigurationPlatforms) = postSolution
		{ABEAA6C1-AD0B-48DE-8D97-A65AB09904AB}.Debug|Any CPU.ActiveCfg = Debug|Any CPU
		{ABEAA6C1-AD0B-48DE-8D97-A65AB09904AB}.Debug|Any CPU.Build.0 = Debug|Any CPU
		{ABEAA6C1-AD0B-48DE-8D97-A65AB09904AB}.Release|Any CPU.ActiveCfg = Release|Any CPU
		{ABEAA6C1-AD0B-48DE-8D97-A65AB09904AB}.Release|Any CPU.Build.0 = Release|Any CPU
		{A63B9727-58AD-4FBC-9EE7-5427C51D8D4E}.Debug|Any CPU.ActiveCfg = Debug|Any CPU
		{A63B9727-58AD-4FBC-9EE7-5427C51D8D4E}.Debug|Any CPU.Build.0 = Debug|Any CPU
		{A63B9727-58AD-4FBC-9EE7-5427C51D8D4E}.Release|Any CPU.ActiveCfg = Release|Any CPU
		{A63B9727-58AD-4FBC-9EE7-5427C51D8D4E}.Release|Any CPU.Build.0 = Release|Any CPU
	EndGlobalSection
	GlobalSection(SolutionProperties) = preSolution
		HideSolutionNode = FALSE
	EndGlobalSection
	GlobalSection(ExtensibilityGlobals) = postSolution
		SolutionGuid = {D7949487-EC85-4439-A661-E91F7FC1C8C2}
	EndGlobalSection
EndGlobal
